
Microsoft Visual Studio Solution File, Format Version 12.00
# Visual Studio Version 16
VisualStudioVersion = 16.0.29905.134
MinimumVisualStudioVersion = 10.0.40219.1
Project("{FAE04EC0-301F-11D3-BF4B-00C04F79EFBC}") = "Conjunto_Programas_Estructura_Datos", "Conjunto_Programas_Estructura_Datos.csproj", "{A6B61C2D-9EB1-4578-A29C-0F5252B3B7B7}"
EndProject
Global
	GlobalSection(SolutionConfigurationPlatforms) = preSolution
		Debug|Any CPU = Debug|Any CPU
		Release|Any CPU = Release|Any CPU
	EndGlobalSection
	GlobalSection(ProjectConfigurationPlatforms) = postSolution
		{A6B61C2D-9EB1-4578-A29C-0F5252B3B7B7}.Debug|Any CPU.ActiveCfg = Debug|Any CPU
		{A6B61C2D-9EB1-4578-A29C-0F5252B3B7B7}.Debug|Any CPU.Build.0 = Debug|Any CPU
		{A6B61C2D-9EB1-4578-A29C-0F5252B3B7B7}.Release|Any CPU.ActiveCfg = Release|Any CPU
		{A6B61C2D-9EB1-4578-A29C-0F5252B3B7B7}.Release|Any CPU.Build.0 = Release|Any CPU
	EndGlobalSection
	GlobalSection(SolutionProperties) = preSolution
		HideSolutionNode = FALSE
	EndGlobalSection
	GlobalSection(ExtensibilityGlobals) = postSolution
		SolutionGuid = {E1CA6146-85D1-420E-BDC2-E2CC9F823A49}
	EndGlobalSection
EndGlobal
